{
  "nodes": {
    "base-nixpkgs": {
      "inputs": {
        "flake-parts": "flake-parts",
        "stable": "stable",
        "unstable": "unstable"
      },
      "locked": {
        "dir": "base-nixpkgs",
        "lastModified": 1775292509,
        "narHash": "sha256-4qtTkFqSIbj1D2cTBKyBbPQ8YSKfMNQ8bP0avKl3b1w=",
        "owner": "ck3mp3r",
        "repo": "flakes",
        "rev": "e6c18888c3c0a1b2be26a3ed27a83651e0014a9c",
        "type": "github"
      },
      "original": {
        "dir": "base-nixpkgs",
        "owner": "ck3mp3r",
        "repo": "flakes",
        "type": "github"
      }
    },
    "base-nixpkgs_2": {
      "inputs": {
        "flake-parts": "flake-parts_3",
        "stable": "stable_2",
        "unstable": "unstable_2"
      },
      "locked": {
        "dir": "base-nixpkgs",
        "lastModified": 1774796574,
        "narHash": "sha256-u7yEiTl6kk6OduClNtpULD6HDboFVr48DvwQ9ZHyKVM=",
        "owner": "ck3mp3r",
        "repo": "flakes",
        "rev": "8532714200431cb4bd2f00eff7e0cadf9bcd2b1d",
        "type": "github"
      },
      "original": {
        "dir": "base-nixpkgs",
        "owner": "ck3mp3r",
        "repo": "flakes",
        "type": "github"
      }
    },
    "flake-parts": {
      "inputs": {
        "nixpkgs-lib": "nixpkgs-lib"
      },
      "locked": {
        "lastModified": 1775087534,
        "narHash": "sha256-91qqW8lhL7TLwgQWijoGBbiD4t7/q75KTi8NxjVmSmA=",
        "owner": "hercules-ci",
        "repo": "flake-parts",
        "rev": "3107b77cd68437b9a76194f0f7f9c55f2329ca5b",
        "type": "github"
      },
      "original": {
        "owner": "hercules-ci",
        "repo": "flake-parts",
        "type": "github"
      }
    },
    "flake-parts_2": {
      "inputs": {
        "nixpkgs-lib": [
          "nixpkgs"
        ]
      },
      "locked": {
        "lastModified": 1775087534,
        "narHash": "sha256-91qqW8lhL7TLwgQWijoGBbiD4t7/q75KTi8NxjVmSmA=",
        "owner": "hercules-ci",
        "repo": "flake-parts",
        "rev": "3107b77cd68437b9a76194f0f7f9c55f2329ca5b",
        "type": "github"
      },
      "original": {
        "owner": "hercules-ci",
        "repo": "flake-parts",
        "type": "github"
      }
    },
    "flake-parts_3": {
      "inputs": {
        "nixpkgs-lib": "nixpkgs-lib_2"
      },
      "locked": {
        "lastModified": 1772408722,
        "narHash": "sha256-rHuJtdcOjK7rAHpHphUb1iCvgkU3GpfvicLMwwnfMT0=",
        "owner": "hercules-ci",
        "repo": "flake-parts",
        "rev": "f20dc5d9b8027381c474144ecabc9034d6a839a3",
        "type": "github"
      },
      "original": {
        "owner": "hercules-ci",
        "repo": "flake-parts",
        "type": "github"
      }
    },
    "flake-parts_4": {
      "inputs": {
        "nixpkgs-lib": "nixpkgs-lib_3"
      },
      "locked": {
        "lastModified": 1772408722,
        "narHash": "sha256-rHuJtdcOjK7rAHpHphUb1iCvgkU3GpfvicLMwwnfMT0=",
        "owner": "hercules-ci",
        "repo": "flake-parts",
        "rev": "f20dc5d9b8027381c474144ecabc9034d6a839a3",
        "type": "github"
      },
      "original": {
        "owner": "hercules-ci",
        "repo": "flake-parts",
        "type": "github"
      }
    },
    "nixpkgs-lib": {
      "locked": {
        "lastModified": 1774748309,
        "narHash": "sha256-+U7gF3qxzwD5TZuANzZPeJTZRHS29OFQgkQ2kiTJBIQ=",
        "owner": "nix-community",
        "repo": "nixpkgs.lib",
        "rev": "333c4e0545a6da976206c74db8773a1645b5870a",
        "type": "github"
      },
      "original": {
        "owner": "nix-community",
        "repo": "nixpkgs.lib",
        "type": "github"
      }
    },
    "nixpkgs-lib_2": {
      "locked": {
        "lastModified": 1772328832,
        "narHash": "sha256-e+/T/pmEkLP6BHhYjx6GmwP5ivonQQn0bJdH9YrRB+Q=",
        "owner": "nix-community",
        "repo": "nixpkgs.lib",
        "rev": "c185c7a5e5dd8f9add5b2f8ebeff00888b070742",
        "type": "github"
      },
      "original": {
        "owner": "nix-community",
        "repo": "nixpkgs.lib",
        "type": "github"
      }
    },
    "nixpkgs-lib_3": {
      "locked": {
        "lastModified": 1772328832,
        "narHash": "sha256-e+/T/pmEkLP6BHhYjx6GmwP5ivonQQn0bJdH9YrRB+Q=",
        "owner": "nix-community",
        "repo": "nixpkgs.lib",
        "rev": "c185c7a5e5dd8f9add5b2f8ebeff00888b070742",
        "type": "github"
      },
      "original": {
        "owner": "nix-community",
        "repo": "nixpkgs.lib",
        "type": "github"
      }
    },
    "root": {
      "inputs": {
        "base-nixpkgs": "base-nixpkgs",
        "flake-parts": "flake-parts_2",
        "nixpkgs": [
          "base-nixpkgs",
          "unstable"
        ],
        "topiary-nu": "topiary-nu"
      }
    },
    "stable": {
      "locked": {
        "lastModified": 1775286898,
        "narHash": "sha256-w9ij48PxqWzLa6wfo9eWGAvIl0gEPCsW/FEwzKZ0hfI=",
        "owner": "nixos",
        "repo": "nixpkgs",
        "rev": "9b8e6819224551756919099c1fce6e347f5a3803",
        "type": "github"
      },
      "original": {
        "owner": "nixos",
        "ref": "release-25.11",
        "repo": "nixpkgs",
        "type": "github"
      }
    },
    "stable_2": {
      "locked": {
        "lastModified": 1774738784,
        "narHash": "sha256-ePBu5QcXZyCbV09WkyGYcAapNdCPykQiXLkyxqPS3qk=",
        "owner": "nixos",
        "repo": "nixpkgs",
        "rev": "8f7336843dd898f588ccd03134d89693a12b162f",
        "type": "github"
      },
      "original": {
        "owner": "nixos",
        "ref": "release-25.11",
        "repo": "nixpkgs",
        "type": "github"
      }
    },
    "topiary-nu": {
      "inputs": {
        "base-nixpkgs": "base-nixpkgs_2",
        "flake-parts": "flake-parts_4",
        "nixpkgs": [
          "nixpkgs"
        ],
        "topiary-nushell": "topiary-nushell",
        "tree-sitter-nu": "tree-sitter-nu"
      },
      "locked": {
        "dir": "topiary-nu",
        "lastModified": 1775292509,
        "narHash": "sha256-4qtTkFqSIbj1D2cTBKyBbPQ8YSKfMNQ8bP0avKl3b1w=",
        "owner": "ck3mp3r",
        "repo": "flakes",
        "rev": "e6c18888c3c0a1b2be26a3ed27a83651e0014a9c",
        "type": "github"
      },
      "original": {
        "dir": "topiary-nu",
        "owner": "ck3mp3r",
        "repo": "flakes",
        "type": "github"
      }
    },
    "topiary-nushell": {
      "flake": false,
      "locked": {
        "lastModified": 1772590084,
        "narHash": "sha256-fTfxSnVI7TY6vQhD+GimPBRJ4K0SyyVtoLcLGH3xIPc=",
        "owner": "blindFS",
        "repo": "topiary-nushell",
        "rev": "6e2f9b339a664a46e4015fa5d79e537807fefa39",
        "type": "github"
      },
      "original": {
        "owner": "blindFS",
        "repo": "topiary-nushell",
        "type": "github"
      }
    },
    "tree-sitter-nu": {
      "flake": false,
      "locked": {
        "lastModified": 1774015059,
        "narHash": "sha256-G+XuQSqvJ9xRNq4fYiyHK9+AmCNofayPOC6JrFXpcjU=",
        "owner": "nushell",
        "repo": "tree-sitter-nu",
        "rev": "696d257f6b652edb50878a783b30ad7833dec49e",
        "type": "github"
      },
      "original": {
        "owner": "nushell",
        "repo": "tree-sitter-nu",
        "type": "github"
      }
    },
    "unstable": {
      "locked": {
        "lastModified": 1775126147,
        "narHash": "sha256-J0dZU4atgcfo4QvM9D92uQ0Oe1eLTxBVXjJzdEMQpD0=",
        "owner": "nixos",
        "repo": "nixpkgs",
        "rev": "8d8c1fa5b412c223ffa47410867813290cdedfef",
        "type": "github"
      },
      "original": {
        "owner": "nixos",
        "ref": "nixpkgs-unstable",
        "repo": "nixpkgs",
        "type": "github"
      }
    },
    "unstable_2": {
      "locked": {
        "lastModified": 1774610258,
        "narHash": "sha256-HaThtroVD9wRdx7KQk0B75JmFcXlMUoEdDFNOMOlsOs=",
        "owner": "nixos",
        "repo": "nixpkgs",
        "rev": "832efc09b4caf6b4569fbf9dc01bec3082a00611",
        "type": "github"
      },
      "original": {
        "owner": "nixos",
        "ref": "nixpkgs-unstable",
        "repo": "nixpkgs",
        "type": "github"
      }
    }
  },
  "root": "root",
  "version": 7
}
